
Microsoft Visual Studio Solution File, Format Version 12.00
# Visual Studio Version 17
VisualStudioVersion = 17.14.36310.24
MinimumVisualStudioVersion = 10.0.40219.1
Project("{FAE04EC0-301F-11D3-BF4B-00C04F79EFBC}") = "RimHighlight", "RimHighlight.csproj", "{9E895687-7948-498C-AB89-5BF6F7C1D5BF}"
EndProject
Project("{2150E333-8FDC-42A3-9474-1A3956D46DE8}") = "솔루션 항목", "솔루션 항목", "{2A3A057F-5D22-31FD-628C-DF5EF75AEF1E}"
EndProject
Global
	GlobalSection(SolutionConfigurationPlatforms) = preSolution
		Debug|Any CPU = Debug|Any CPU
		Release|Any CPU = Release|Any CPU
	EndGlobalSection
	GlobalSection(ProjectConfigurationPlatforms) = postSolution
		{9E895687-7948-498C-AB89-5BF6F7C1D5BF}.Debug|Any CPU.ActiveCfg = Debug|Any CPU
		{9E895687-7948-498C-AB89-5BF6F7C1D5BF}.Debug|Any CPU.Build.0 = Debug|Any CPU
		{9E895687-7948-498C-AB89-5BF6F7C1D5BF}.Release|Any CPU.ActiveCfg = Release|Any CPU
		{9E895687-7948-498C-AB89-5BF6F7C1D5BF}.Release|Any CPU.Build.0 = Release|Any CPU
	EndGlobalSection
	GlobalSection(SolutionProperties) = preSolution
		HideSolutionNode = FALSE
	EndGlobalSection
	GlobalSection(ExtensibilityGlobals) = postSolution
		SolutionGuid = {AAF4564D-C732-4CA0-8823-77E6F50ECB34}
	EndGlobalSection
EndGlobal
